// !$*UTF8*$!
{
	archiveVersion = 1;
	classes = {
	};
	objectVersion = 46;
	objects = {

/* Begin PBXBuildFile section */
		7138124E1BCAF62D00AFBE8F /* AKMArrayModelChanges.m in Sources */ = {isa = PBXBuildFile; fileRef = 7138124D1BCAF62D00AFBE8F /* AKMArrayModelChanges.m */; };
		713812521BCAFB5400AFBE8F /* AKMArrayModelChangesOneIndex.m in Sources */ = {isa = PBXBuildFile; fileRef = 713812511BCAFB5400AFBE8F /* AKMArrayModelChangesOneIndex.m */; };
		713812551BCAFB8300AFBE8F /* AKMArrayModelChangesTwoIndices.m in Sources */ = {isa = PBXBuildFile; fileRef = 713812541BCAFB8300AFBE8F /* AKMArrayModelChangesTwoIndices.m */; };
		713CA7771BB973EC007CE980 /* AKMListView.m in Sources */ = {isa = PBXBuildFile; fileRef = 713CA76F1BB973EC007CE980 /* AKMListView.m */; };
		713CA7781BB973EC007CE980 /* AKMListViewController.m in Sources */ = {isa = PBXBuildFile; fileRef = 713CA7711BB973EC007CE980 /* AKMListViewController.m */; };
		713CA7791BB973EC007CE980 /* AKMListViewController.xib in Resources */ = {isa = PBXBuildFile; fileRef = 713CA7721BB973EC007CE980 /* AKMListViewController.xib */; };
		713CA77A1BB973EC007CE980 /* AKMListCell.m in Sources */ = {isa = PBXBuildFile; fileRef = 713CA7751BB973EC007CE980 /* AKMListCell.m */; };
		713CA77B1BB973EC007CE980 /* AKMListCell.xib in Resources */ = {isa = PBXBuildFile; fileRef = 713CA7761BB973EC007CE980 /* AKMListCell.xib */; };
		713CA7841BB98689007CE980 /* AKMItem.m in Sources */ = {isa = PBXBuildFile; fileRef = 713CA7831BB98689007CE980 /* AKMItem.m */; };
		713CA7881BB986C4007CE980 /* AKMItems.m in Sources */ = {isa = PBXBuildFile; fileRef = 713CA7871BB986C4007CE980 /* AKMItems.m */; };
		714CD4791BC15882007FA652 /* cat.jpg in Resources */ = {isa = PBXBuildFile; fileRef = 714CD4771BC15882007FA652 /* cat.jpg */; };
		714CD47A1BC15882007FA652 /* Images.xcassets in Resources */ = {isa = PBXBuildFile; fileRef = 714CD4781BC15882007FA652 /* Images.xcassets */; };
		714E1B7D1BCAC90600950348 /* NSIndexPath+AKMExtensions.m in Sources */ = {isa = PBXBuildFile; fileRef = 714E1B7C1BCAC90600950348 /* NSIndexPath+AKMExtensions.m */; };
		71744C681BCE5F8200963657 /* UITableView+AKMExtensions.m in Sources */ = {isa = PBXBuildFile; fileRef = 71744C671BCE5F8200963657 /* UITableView+AKMExtensions.m */; };
		719C5FFD1BBEBD9A00135DA3 /* NSString+AKMExtensions.m in Sources */ = {isa = PBXBuildFile; fileRef = 719C5FDE1BBEBD9A00135DA3 /* NSString+AKMExtensions.m */; };
		719C5FFE1BBEBD9A00135DA3 /* UIViewController+AKMExtensions.m in Sources */ = {isa = PBXBuildFile; fileRef = 719C5FE11BBEBD9A00135DA3 /* UIViewController+AKMExtensions.m */; };
		719C5FFF1BBEBD9A00135DA3 /* UIWindow+AKMExtensions.m in Sources */ = {isa = PBXBuildFile; fileRef = 719C5FE41BBEBD9A00135DA3 /* UIWindow+AKMExtensions.m */; };
		719C60001BBEBD9A00135DA3 /* AKMTableViewCell.m in Sources */ = {isa = PBXBuildFile; fileRef = 719C5FE81BBEBD9A00135DA3 /* AKMTableViewCell.m */; };
		719C600B1BBEC03B00135DA3 /* AKMObservableObject.m in Sources */ = {isa = PBXBuildFile; fileRef = 719C600A1BBEC03B00135DA3 /* AKMObservableObject.m */; };
		71A4B5FC1BB03F4A003DB838 /* main.m in Sources */ = {isa = PBXBuildFile; fileRef = 71A4B5FB1BB03F4A003DB838 /* main.m */; };
		71A4B5FF1BB03F4A003DB838 /* AKMAppDelegate.m in Sources */ = {isa = PBXBuildFile; fileRef = 71A4B5FE1BB03F4A003DB838 /* AKMAppDelegate.m */; };
		71A4B6161BB03F4A003DB838 /* UITask2Tests.m in Sources */ = {isa = PBXBuildFile; fileRef = 71A4B6151BB03F4A003DB838 /* UITask2Tests.m */; };
		71C3E2441BD57EC8000E8AB7 /* AKMArrayModelChanges+AKMExtensions.m in Sources */ = {isa = PBXBuildFile; fileRef = 71C3E2431BD57EC8000E8AB7 /* AKMArrayModelChanges+AKMExtensions.m */; };
		71D5FF1E1BC0159300A17359 /* AKMArrayModel.m in Sources */ = {isa = PBXBuildFile; fileRef = 71D5FF1D1BC0159300A17359 /* AKMArrayModel.m */; };
/* End PBXBuildFile section */

/* Begin PBXContainerItemProxy section */
		71A4B6101BB03F4A003DB838 /* PBXContainerItemProxy */ = {
			isa = PBXContainerItemProxy;
			containerPortal = 71A4B5EE1BB03F4A003DB838 /* Project object */;
			proxyType = 1;
			remoteGlobalIDString = 71A4B5F51BB03F4A003DB838;
			remoteInfo = UITask2;
		};
/* End PBXContainerItemProxy section */

/* Begin PBXFileReference section */
		7138124C1BCAF62D00AFBE8F /* AKMArrayModelChanges.h */ = {isa = PBXFileReference; fileEncoding = 4; lastKnownFileType = sourcecode.c.h; name = AKMArrayModelChanges.h; path = AKMArrayModelChanges/AKMArrayModelChanges.h; sourceTree = "<group>"; };
		7138124D1BCAF62D00AFBE8F /* AKMArrayModelChanges.m */ = {isa = PBXFileReference; fileEncoding = 4; lastKnownFileType = sourcecode.c.objc; name = AKMArrayModelChanges.m; path = AKMArrayModelChanges/AKMArrayModelChanges.m; sourceTree = "<group>"; };
		713812501BCAFB5400AFBE8F /* AKMArrayModelChangesOneIndex.h */ = {isa = PBXFileReference; fileEncoding = 4; lastKnownFileType = sourcecode.c.h; name = AKMArrayModelChangesOneIndex.h; path = AKMArrayModelChanges/AKMArrayModelChangesOneIndex.h; sourceTree = "<group>"; };
		713812511BCAFB5400AFBE8F /* AKMArrayModelChangesOneIndex.m */ = {isa = PBXFileReference; fileEncoding = 4; lastKnownFileType = sourcecode.c.objc; name = AKMArrayModelChangesOneIndex.m; path = AKMArrayModelChanges/AKMArrayModelChangesOneIndex.m; sourceTree = "<group>"; };
		713812531BCAFB8300AFBE8F /* AKMArrayModelChangesTwoIndices.h */ = {isa = PBXFileReference; fileEncoding = 4; lastKnownFileType = sourcecode.c.h; name = AKMArrayModelChangesTwoIndices.h; path = AKMArrayModelChanges/AKMArrayModelChangesTwoIndices.h; sourceTree = "<group>"; };
		713812541BCAFB8300AFBE8F /* AKMArrayModelChangesTwoIndices.m */ = {isa = PBXFileReference; fileEncoding = 4; lastKnownFileType = sourcecode.c.objc; name = AKMArrayModelChangesTwoIndices.m; path = AKMArrayModelChanges/AKMArrayModelChangesTwoIndices.m; sourceTree = "<group>"; };
		713CA76E1BB973EC007CE980 /* AKMListView.h */ = {isa = PBXFileReference; fileEncoding = 4; lastKnownFileType = sourcecode.c.h; path = AKMListView.h; sourceTree = "<group>"; };
		713CA76F1BB973EC007CE980 /* AKMListView.m */ = {isa = PBXFileReference; fileEncoding = 4; lastKnownFileType = sourcecode.c.objc; path = AKMListView.m; sourceTree = "<group>"; };
		713CA7701BB973EC007CE980 /* AKMListViewController.h */ = {isa = PBXFileReference; fileEncoding = 4; lastKnownFileType = sourcecode.c.h; path = AKMListViewController.h; sourceTree = "<group>"; };
		713CA7711BB973EC007CE980 /* AKMListViewController.m */ = {isa = PBXFileReference; fileEncoding = 4; lastKnownFileType = sourcecode.c.objc; path = AKMListViewController.m; sourceTree = "<group>"; };
		713CA7721BB973EC007CE980 /* AKMListViewController.xib */ = {isa = PBXFileReference; fileEncoding = 4; lastKnownFileType = file.xib; path = AKMListViewController.xib; sourceTree = "<group>"; };
		713CA7741BB973EC007CE980 /* AKMListCell.h */ = {isa = PBXFileReference; fileEncoding = 4; lastKnownFileType = sourcecode.c.h; path = AKMListCell.h; sourceTree = "<group>"; };
		713CA7751BB973EC007CE980 /* AKMListCell.m */ = {isa = PBXFileReference; fileEncoding = 4; lastKnownFileType = sourcecode.c.objc; path = AKMListCell.m; sourceTree = "<group>"; };
		713CA7761BB973EC007CE980 /* AKMListCell.xib */ = {isa = PBXFileReference; fileEncoding = 4; lastKnownFileType = file.xib; path = AKMListCell.xib; sourceTree = "<group>"; };
		713CA7821BB98689007CE980 /* AKMItem.h */ = {isa = PBXFileReference; fileEncoding = 4; lastKnownFileType = sourcecode.c.h; name = AKMItem.h; path = AKMItem/AKMItem.h; sourceTree = "<group>"; };
		713CA7831BB98689007CE980 /* AKMItem.m */ = {isa = PBXFileReference; fileEncoding = 4; lastKnownFileType = sourcecode.c.objc; name = AKMItem.m; path = AKMItem/AKMItem.m; sourceTree = "<group>"; };
		713CA7861BB986C4007CE980 /* AKMItems.h */ = {isa = PBXFileReference; fileEncoding = 4; lastKnownFileType = sourcecode.c.h; name = AKMItems.h; path = AKMItems/AKMItems.h; sourceTree = "<group>"; };
		713CA7871BB986C4007CE980 /* AKMItems.m */ = {isa = PBXFileReference; fileEncoding = 4; lastKnownFileType = sourcecode.c.objc; name = AKMItems.m; path = AKMItems/AKMItems.m; sourceTree = "<group>"; };
		714CD4771BC15882007FA652 /* cat.jpg */ = {isa = PBXFileReference; lastKnownFileType = image.jpeg; path = cat.jpg; sourceTree = "<group>"; };
		714CD4781BC15882007FA652 /* Images.xcassets */ = {isa = PBXFileReference; lastKnownFileType = folder.assetcatalog; path = Images.xcassets; sourceTree = "<group>"; };
		714E1B7B1BCAC90600950348 /* NSIndexPath+AKMExtensions.h */ = {isa = PBXFileReference; fileEncoding = 4; lastKnownFileType = sourcecode.c.h; path = "NSIndexPath+AKMExtensions.h"; sourceTree = "<group>"; };
		714E1B7C1BCAC90600950348 /* NSIndexPath+AKMExtensions.m */ = {isa = PBXFileReference; fileEncoding = 4; lastKnownFileType = sourcecode.c.objc; path = "NSIndexPath+AKMExtensions.m"; sourceTree = "<group>"; };
		71744C661BCE5F8200963657 /* UITableView+AKMExtensions.h */ = {isa = PBXFileReference; fileEncoding = 4; lastKnownFileType = sourcecode.c.h; name = "UITableView+AKMExtensions.h"; path = "UITableView+AKMExtensions/UITableView+AKMExtensions.h"; sourceTree = "<group>"; };
		71744C671BCE5F8200963657 /* UITableView+AKMExtensions.m */ = {isa = PBXFileReference; fileEncoding = 4; lastKnownFileType = sourcecode.c.objc; name = "UITableView+AKMExtensions.m"; path = "UITableView+AKMExtensions/UITableView+AKMExtensions.m"; sourceTree = "<group>"; };
		719C5FCC1BBEBA6A00135DA3 /* AKMMacros.h */ = {isa = PBXFileReference; fileEncoding = 4; lastKnownFileType = sourcecode.c.h; name = AKMMacros.h; path = ../Source/AKMMacros.h; sourceTree = "<group>"; };
		719C5FDD1BBEBD9A00135DA3 /* NSString+AKMExtensions.h */ = {isa = PBXFileReference; fileEncoding = 4; lastKnownFileType = sourcecode.c.h; path = "NSString+AKMExtensions.h"; sourceTree = "<group>"; };
		719C5FDE1BBEBD9A00135DA3 /* NSString+AKMExtensions.m */ = {isa = PBXFileReference; fileEncoding = 4; lastKnownFileType = sourcecode.c.objc; path = "NSString+AKMExtensions.m"; sourceTree = "<group>"; };
		719C5FE01BBEBD9A00135DA3 /* UIViewController+AKMExtensions.h */ = {isa = PBXFileReference; fileEncoding = 4; lastKnownFileType = sourcecode.c.h; path = "UIViewController+AKMExtensions.h"; sourceTree = "<group>"; };
		719C5FE11BBEBD9A00135DA3 /* UIViewController+AKMExtensions.m */ = {isa = PBXFileReference; fileEncoding = 4; lastKnownFileType = sourcecode.c.objc; path = "UIViewController+AKMExtensions.m"; sourceTree = "<group>"; };
		719C5FE31BBEBD9A00135DA3 /* UIWindow+AKMExtensions.h */ = {isa = PBXFileReference; fileEncoding = 4; lastKnownFileType = sourcecode.c.h; path = "UIWindow+AKMExtensions.h"; sourceTree = "<group>"; };
		719C5FE41BBEBD9A00135DA3 /* UIWindow+AKMExtensions.m */ = {isa = PBXFileReference; fileEncoding = 4; lastKnownFileType = sourcecode.c.objc; path = "UIWindow+AKMExtensions.m"; sourceTree = "<group>"; };
		719C5FE71BBEBD9A00135DA3 /* AKMTableViewCell.h */ = {isa = PBXFileReference; fileEncoding = 4; lastKnownFileType = sourcecode.c.h; path = AKMTableViewCell.h; sourceTree = "<group>"; };
		719C5FE81BBEBD9A00135DA3 /* AKMTableViewCell.m */ = {isa = PBXFileReference; fileEncoding = 4; lastKnownFileType = sourcecode.c.objc; path = AKMTableViewCell.m; sourceTree = "<group>"; };
		719C60091BBEC03B00135DA3 /* AKMObservableObject.h */ = {isa = PBXFileReference; fileEncoding = 4; lastKnownFileType = sourcecode.c.h; name = AKMObservableObject.h; path = AKMObservableObject/AKMObservableObject.h; sourceTree = "<group>"; };
		719C600A1BBEC03B00135DA3 /* AKMObservableObject.m */ = {isa = PBXFileReference; fileEncoding = 4; lastKnownFileType = sourcecode.c.objc; name = AKMObservableObject.m; path = AKMObservableObject/AKMObservableObject.m; sourceTree = "<group>"; };
		71A4B5F61BB03F4A003DB838 /* UITask2.app */ = {isa = PBXFileReference; explicitFileType = wrapper.application; includeInIndex = 0; path = UITask2.app; sourceTree = BUILT_PRODUCTS_DIR; };
		71A4B5FA1BB03F4A003DB838 /* Info.plist */ = {isa = PBXFileReference; lastKnownFileType = text.plist.xml; path = Info.plist; sourceTree = "<group>"; };
		71A4B5FB1BB03F4A003DB838 /* main.m */ = {isa = PBXFileReference; lastKnownFileType = sourcecode.c.objc; path = main.m; sourceTree = "<group>"; };
		71A4B5FD1BB03F4A003DB838 /* AKMAppDelegate.h */ = {isa = PBXFileReference; lastKnownFileType = sourcecode.c.h; path = AKMAppDelegate.h; sourceTree = "<group>"; };
		71A4B5FE1BB03F4A003DB838 /* AKMAppDelegate.m */ = {isa = PBXFileReference; lastKnownFileType = sourcecode.c.objc; path = AKMAppDelegate.m; sourceTree = "<group>"; };
		71A4B60F1BB03F4A003DB838 /* UITask2Tests.xctest */ = {isa = PBXFileReference; explicitFileType = wrapper.cfbundle; includeInIndex = 0; path = UITask2Tests.xctest; sourceTree = BUILT_PRODUCTS_DIR; };
		71A4B6141BB03F4A003DB838 /* Info.plist */ = {isa = PBXFileReference; lastKnownFileType = text.plist.xml; path = Info.plist; sourceTree = "<group>"; };
		71A4B6151BB03F4A003DB838 /* UITask2Tests.m */ = {isa = PBXFileReference; lastKnownFileType = sourcecode.c.objc; path = UITask2Tests.m; sourceTree = "<group>"; };
		71C3E2421BD57EC8000E8AB7 /* AKMArrayModelChanges+AKMExtensions.h */ = {isa = PBXFileReference; fileEncoding = 4; lastKnownFileType = sourcecode.c.h; name = "AKMArrayModelChanges+AKMExtensions.h"; path = "AKMArrayModelChanges+AKMExtensions/AKMArrayModelChanges+AKMExtensions.h"; sourceTree = "<group>"; };
		71C3E2431BD57EC8000E8AB7 /* AKMArrayModelChanges+AKMExtensions.m */ = {isa = PBXFileReference; fileEncoding = 4; lastKnownFileType = sourcecode.c.objc; name = "AKMArrayModelChanges+AKMExtensions.m"; path = "AKMArrayModelChanges+AKMExtensions/AKMArrayModelChanges+AKMExtensions.m"; sourceTree = "<group>"; };
		71D5FF1C1BC0159300A17359 /* AKMArrayModel.h */ = {isa = PBXFileReference; fileEncoding = 4; lastKnownFileType = sourcecode.c.h; name = AKMArrayModel.h; path = AKMArrayModel/AKMArrayModel.h; sourceTree = "<group>"; };
		71D5FF1D1BC0159300A17359 /* AKMArrayModel.m */ = {isa = PBXFileReference; fileEncoding = 4; lastKnownFileType = sourcecode.c.objc; name = AKMArrayModel.m; path = AKMArrayModel/AKMArrayModel.m; sourceTree = "<group>"; };
/* End PBXFileReference section */

/* Begin PBXFrameworksBuildPhase section */
		71A4B5F31BB03F4A003DB838 /* Frameworks */ = {
			isa = PBXFrameworksBuildPhase;
			buildActionMask = 2147483647;
			files = (
			);
			runOnlyForDeploymentPostprocessing = 0;
		};
		71A4B60C1BB03F4A003DB838 /* Frameworks */ = {
			isa = PBXFrameworksBuildPhase;
			buildActionMask = 2147483647;
			files = (
			);
			runOnlyForDeploymentPostprocessing = 0;
		};
/* End PBXFrameworksBuildPhase section */

/* Begin PBXGroup section */
		7138124F1BCAF63300AFBE8F /* AKMArrayModelChanges */ = {
			isa = PBXGroup;
			children = (
				7138124C1BCAF62D00AFBE8F /* AKMArrayModelChanges.h */,
				7138124D1BCAF62D00AFBE8F /* AKMArrayModelChanges.m */,
				713812501BCAFB5400AFBE8F /* AKMArrayModelChangesOneIndex.h */,
				713812511BCAFB5400AFBE8F /* AKMArrayModelChangesOneIndex.m */,
				713812531BCAFB8300AFBE8F /* AKMArrayModelChangesTwoIndices.h */,
				713812541BCAFB8300AFBE8F /* AKMArrayModelChangesTwoIndices.m */,
			);
			name = AKMArrayModelChanges;
			sourceTree = "<group>";
		};
		71389B181BB0464A0095313B /* Source */ = {
			isa = PBXGroup;
			children = (
				719C5FCC1BBEBA6A00135DA3 /* AKMMacros.h */,
				719C5FDA1BBEBD9A00135DA3 /* Library */,
				713CA7811BB985E2007CE980 /* Models */,
				71EBAE7D1BB72D2700E63807 /* UI */,
			);
			name = Source;
			sourceTree = "<group>";
		};
		713CA76D1BB973EC007CE980 /* AKMTableViewController */ = {
			isa = PBXGroup;
			children = (
				713CA76E1BB973EC007CE980 /* AKMListView.h */,
				713CA76F1BB973EC007CE980 /* AKMListView.m */,
				713CA7701BB973EC007CE980 /* AKMListViewController.h */,
				713CA7711BB973EC007CE980 /* AKMListViewController.m */,
				713CA7721BB973EC007CE980 /* AKMListViewController.xib */,
				713CA7731BB973EC007CE980 /* Views */,
			);
			name = AKMTableViewController;
			path = Source/UI/AKMTableViewController;
			sourceTree = "<group>";
		};
		713CA7731BB973EC007CE980 /* Views */ = {
			isa = PBXGroup;
			children = (
				713CA7741BB973EC007CE980 /* AKMListCell.h */,
				713CA7751BB973EC007CE980 /* AKMListCell.m */,
				713CA7761BB973EC007CE980 /* AKMListCell.xib */,
			);
			path = Views;
			sourceTree = "<group>";
		};
		713CA7811BB985E2007CE980 /* Models */ = {
			isa = PBXGroup;
			children = (
				713CA7851BB9868D007CE980 /* AKMItem */,
				713CA7891BB986C8007CE980 /* AKMItems */,
			);
			name = Models;
			path = Source/Models;
			sourceTree = "<group>";
		};
		713CA7851BB9868D007CE980 /* AKMItem */ = {
			isa = PBXGroup;
			children = (
				713CA7821BB98689007CE980 /* AKMItem.h */,
				713CA7831BB98689007CE980 /* AKMItem.m */,
			);
			name = AKMItem;
			sourceTree = "<group>";
		};
		713CA7891BB986C8007CE980 /* AKMItems */ = {
			isa = PBXGroup;
			children = (
				713CA7861BB986C4007CE980 /* AKMItems.h */,
				713CA7871BB986C4007CE980 /* AKMItems.m */,
			);
			name = AKMItems;
			sourceTree = "<group>";
		};
		714CD4751BC15882007FA652 /* Resources */ = {
			isa = PBXGroup;
			children = (
				714CD4761BC15882007FA652 /* Images */,
				714CD4781BC15882007FA652 /* Images.xcassets */,
			);
			path = Resources;
			sourceTree = "<group>";
		};
		714CD4761BC15882007FA652 /* Images */ = {
			isa = PBXGroup;
			children = (
				714CD4771BC15882007FA652 /* cat.jpg */,
			);
			path = Images;
			sourceTree = "<group>";
		};
		714E1B7A1BCAC90600950348 /* NSIndexPath+AKMExtensions */ = {
			isa = PBXGroup;
			children = (
				714E1B7B1BCAC90600950348 /* NSIndexPath+AKMExtensions.h */,
				714E1B7C1BCAC90600950348 /* NSIndexPath+AKMExtensions.m */,
			);
			path = "NSIndexPath+AKMExtensions";
			sourceTree = "<group>";
		};
		71744C691BCE690100963657 /* UITableView+AKMExtensions */ = {
			isa = PBXGroup;
			children = (
				71744C661BCE5F8200963657 /* UITableView+AKMExtensions.h */,
				71744C671BCE5F8200963657 /* UITableView+AKMExtensions.m */,
			);
			name = "UITableView+AKMExtensions";
			sourceTree = "<group>";
		};
		719C5FDA1BBEBD9A00135DA3 /* Library */ = {
			isa = PBXGroup;
			children = (
				719C5FDB1BBEBD9A00135DA3 /* Categories */,
				719C5FE51BBEBD9A00135DA3 /* Classes */,
			);
			name = Library;
			path = ../Source/Library;
			sourceTree = "<group>";
		};
		719C5FDB1BBEBD9A00135DA3 /* Categories */ = {
			isa = PBXGroup;
			children = (
				714E1B7A1BCAC90600950348 /* NSIndexPath+AKMExtensions */,
				719C5FDC1BBEBD9A00135DA3 /* NSString+AKMExtensions */,
				719C5FDF1BBEBD9A00135DA3 /* UIViewController+AKMExtensions */,
				719C5FE21BBEBD9A00135DA3 /* UIWindow+AKMExtensions */,
				71744C691BCE690100963657 /* UITableView+AKMExtensions */,
				71C3E2451BD57ECC000E8AB7 /* AKMArrayModelChanges+AKMExtensions */,
			);
			path = Categories;
			sourceTree = "<group>";
		};
		719C5FDC1BBEBD9A00135DA3 /* NSString+AKMExtensions */ = {
			isa = PBXGroup;
			children = (
				719C5FDD1BBEBD9A00135DA3 /* NSString+AKMExtensions.h */,
				719C5FDE1BBEBD9A00135DA3 /* NSString+AKMExtensions.m */,
			);
			path = "NSString+AKMExtensions";
			sourceTree = "<group>";
		};
		719C5FDF1BBEBD9A00135DA3 /* UIViewController+AKMExtensions */ = {
			isa = PBXGroup;
			children = (
				719C5FE01BBEBD9A00135DA3 /* UIViewController+AKMExtensions.h */,
				719C5FE11BBEBD9A00135DA3 /* UIViewController+AKMExtensions.m */,
			);
			path = "UIViewController+AKMExtensions";
			sourceTree = "<group>";
		};
		719C5FE21BBEBD9A00135DA3 /* UIWindow+AKMExtensions */ = {
			isa = PBXGroup;
			children = (
				719C5FE31BBEBD9A00135DA3 /* UIWindow+AKMExtensions.h */,
				719C5FE41BBEBD9A00135DA3 /* UIWindow+AKMExtensions.m */,
			);
			path = "UIWindow+AKMExtensions";
			sourceTree = "<group>";
		};
		719C5FE51BBEBD9A00135DA3 /* Classes */ = {
			isa = PBXGroup;
			children = (
				719C5FE61BBEBD9A00135DA3 /* AKMTableViewCell */,
				719C600C1BBEC04000135DA3 /* AKMObservableObject */,
				71D5FF1F1BC0159A00A17359 /* AKMArrayModel */,
				7138124F1BCAF63300AFBE8F /* AKMArrayModelChanges */,
			);
			path = Classes;
			sourceTree = "<group>";
		};
		719C5FE61BBEBD9A00135DA3 /* AKMTableViewCell */ = {
			isa = PBXGroup;
			children = (
				719C5FE71BBEBD9A00135DA3 /* AKMTableViewCell.h */,
				719C5FE81BBEBD9A00135DA3 /* AKMTableViewCell.m */,
			);
			path = AKMTableViewCell;
			sourceTree = "<group>";
		};
		719C600C1BBEC04000135DA3 /* AKMObservableObject */ = {
			isa = PBXGroup;
			children = (
				719C60091BBEC03B00135DA3 /* AKMObservableObject.h */,
				719C600A1BBEC03B00135DA3 /* AKMObservableObject.m */,
			);
			name = AKMObservableObject;
			sourceTree = "<group>";
		};
		71A4B5ED1BB03F4A003DB838 = {
			isa = PBXGroup;
			children = (
				71389B181BB0464A0095313B /* Source */,
				71A4B5F81BB03F4A003DB838 /* UITask2 */,
				714CD4751BC15882007FA652 /* Resources */,
				71A4B6121BB03F4A003DB838 /* UITask2Tests */,
				71A4B5F71BB03F4A003DB838 /* Products */,
			);
			sourceTree = "<group>";
		};
		71A4B5F71BB03F4A003DB838 /* Products */ = {
			isa = PBXGroup;
			children = (
				71A4B5F61BB03F4A003DB838 /* UITask2.app */,
				71A4B60F1BB03F4A003DB838 /* UITask2Tests.xctest */,
			);
			name = Products;
			sourceTree = "<group>";
		};
		71A4B5F81BB03F4A003DB838 /* UITask2 */ = {
			isa = PBXGroup;
			children = (
				71A4B5FD1BB03F4A003DB838 /* AKMAppDelegate.h */,
				71A4B5FE1BB03F4A003DB838 /* AKMAppDelegate.m */,
				71A4B5F91BB03F4A003DB838 /* Supporting Files */,
			);
			path = UITask2;
			sourceTree = "<group>";
		};
		71A4B5F91BB03F4A003DB838 /* Supporting Files */ = {
			isa = PBXGroup;
			children = (
				71A4B5FA1BB03F4A003DB838 /* Info.plist */,
				71A4B5FB1BB03F4A003DB838 /* main.m */,
			);
			name = "Supporting Files";
			sourceTree = "<group>";
		};
		71A4B6121BB03F4A003DB838 /* UITask2Tests */ = {
			isa = PBXGroup;
			children = (
				71A4B6151BB03F4A003DB838 /* UITask2Tests.m */,
				71A4B6131BB03F4A003DB838 /* Supporting Files */,
			);
			path = UITask2Tests;
			sourceTree = "<group>";
		};
		71A4B6131BB03F4A003DB838 /* Supporting Files */ = {
			isa = PBXGroup;
			children = (
				71A4B6141BB03F4A003DB838 /* Info.plist */,
			);
			name = "Supporting Files";
			sourceTree = "<group>";
		};
		71C3E2451BD57ECC000E8AB7 /* AKMArrayModelChanges+AKMExtensions */ = {
			isa = PBXGroup;
			children = (
				71C3E2421BD57EC8000E8AB7 /* AKMArrayModelChanges+AKMExtensions.h */,
				71C3E2431BD57EC8000E8AB7 /* AKMArrayModelChanges+AKMExtensions.m */,
			);
			name = "AKMArrayModelChanges+AKMExtensions";
			sourceTree = "<group>";
		};
		71D5FF1F1BC0159A00A17359 /* AKMArrayModel */ = {
			isa = PBXGroup;
			children = (
				71D5FF1C1BC0159300A17359 /* AKMArrayModel.h */,
				71D5FF1D1BC0159300A17359 /* AKMArrayModel.m */,
			);
			name = AKMArrayModel;
			sourceTree = "<group>";
		};
		71EBAE7D1BB72D2700E63807 /* UI */ = {
			isa = PBXGroup;
			children = (
				713CA76D1BB973EC007CE980 /* AKMTableViewController */,
			);
			name = UI;
			sourceTree = "<group>";
		};
/* End PBXGroup section */

/* Begin PBXNativeTarget section */
		71A4B5F51BB03F4A003DB838 /* UITask2 */ = {
			isa = PBXNativeTarget;
			buildConfigurationList = 71A4B6191BB03F4A003DB838 /* Build configuration list for PBXNativeTarget "UITask2" */;
			buildPhases = (
				71A4B5F21BB03F4A003DB838 /* Sources */,
				71A4B5F31BB03F4A003DB838 /* Frameworks */,
				71A4B5F41BB03F4A003DB838 /* Resources */,
			);
			buildRules = (
			);
			dependencies = (
			);
			name = UITask2;
			productName = UITask2;
			productReference = 71A4B5F61BB03F4A003DB838 /* UITask2.app */;
			productType = "com.apple.product-type.application";
		};
		71A4B60E1BB03F4A003DB838 /* UITask2Tests */ = {
			isa = PBXNativeTarget;
			buildConfigurationList = 71A4B61C1BB03F4A003DB838 /* Build configuration list for PBXNativeTarget "UITask2Tests" */;
			buildPhases = (
				71A4B60B1BB03F4A003DB838 /* Sources */,
				71A4B60C1BB03F4A003DB838 /* Frameworks */,
				71A4B60D1BB03F4A003DB838 /* Resources */,
			);
			buildRules = (
			);
			dependencies = (
				71A4B6111BB03F4A003DB838 /* PBXTargetDependency */,
			);
			name = UITask2Tests;
			productName = UITask2Tests;
			productReference = 71A4B60F1BB03F4A003DB838 /* UITask2Tests.xctest */;
			productType = "com.apple.product-type.bundle.unit-test";
		};
/* End PBXNativeTarget section */

/* Begin PBXProject section */
		71A4B5EE1BB03F4A003DB838 /* Project object */ = {
			isa = PBXProject;
			attributes = {
				LastUpgradeCheck = 0630;
				ORGANIZATIONNAME = "Anton Kostenko";
				TargetAttributes = {
					71A4B5F51BB03F4A003DB838 = {
						CreatedOnToolsVersion = 6.3.1;
					};
					71A4B60E1BB03F4A003DB838 = {
						CreatedOnToolsVersion = 6.3.1;
						TestTargetID = 71A4B5F51BB03F4A003DB838;
					};
				};
			};
			buildConfigurationList = 71A4B5F11BB03F4A003DB838 /* Build configuration list for PBXProject "UITask2" */;
			compatibilityVersion = "Xcode 3.2";
			developmentRegion = English;
			hasScannedForEncodings = 0;
			knownRegions = (
				en,
				Base,
			);
			mainGroup = 71A4B5ED1BB03F4A003DB838;
			productRefGroup = 71A4B5F71BB03F4A003DB838 /* Products */;
			projectDirPath = "";
			projectRoot = "";
			targets = (
				71A4B5F51BB03F4A003DB838 /* UITask2 */,
				71A4B60E1BB03F4A003DB838 /* UITask2Tests */,
			);
		};
/* End PBXProject section */

/* Begin PBXResourcesBuildPhase section */
		71A4B5F41BB03F4A003DB838 /* Resources */ = {
			isa = PBXResourcesBuildPhase;
			buildActionMask = 2147483647;
			files = (
				714CD4791BC15882007FA652 /* cat.jpg in Resources */,
				714CD47A1BC15882007FA652 /* Images.xcassets in Resources */,
				713CA7791BB973EC007CE980 /* AKMListViewController.xib in Resources */,
				713CA77B1BB973EC007CE980 /* AKMListCell.xib in Resources */,
			);
			runOnlyForDeploymentPostprocessing = 0;
		};
		71A4B60D1BB03F4A003DB838 /* Resources */ = {
			isa = PBXResourcesBuildPhase;
			buildActionMask = 2147483647;
			files = (
			);
			runOnlyForDeploymentPostprocessing = 0;
		};
/* End PBXResourcesBuildPhase section */

/* Begin PBXSourcesBuildPhase section */
		71A4B5F21BB03F4A003DB838 /* Sources */ = {
			isa = PBXSourcesBuildPhase;
			buildActionMask = 2147483647;
			files = (
				7138124E1BCAF62D00AFBE8F /* AKMArrayModelChanges.m in Sources */,
				713CA7881BB986C4007CE980 /* AKMItems.m in Sources */,
				719C5FFE1BBEBD9A00135DA3 /* UIViewController+AKMExtensions.m in Sources */,
				71744C681BCE5F8200963657 /* UITableView+AKMExtensions.m in Sources */,
				719C60001BBEBD9A00135DA3 /* AKMTableViewCell.m in Sources */,
				713CA7771BB973EC007CE980 /* AKMListView.m in Sources */,
				71C3E2441BD57EC8000E8AB7 /* AKMArrayModelChanges+AKMExtensions.m in Sources */,
				713812521BCAFB5400AFBE8F /* AKMArrayModelChangesOneIndex.m in Sources */,
				71A4B5FF1BB03F4A003DB838 /* AKMAppDelegate.m in Sources */,
				71A4B5FC1BB03F4A003DB838 /* main.m in Sources */,
				714E1B7D1BCAC90600950348 /* NSIndexPath+AKMExtensions.m in Sources */,
				713CA77A1BB973EC007CE980 /* AKMListCell.m in Sources */,
				71D5FF1E1BC0159300A17359 /* AKMArrayModel.m in Sources */,
				713812551BCAFB8300AFBE8F /* AKMArrayModelChangesTwoIndices.m in Sources */,
				713CA7781BB973EC007CE980 /* AKMListViewController.m in Sources */,
				719C5FFF1BBEBD9A00135DA3 /* UIWindow+AKMExtensions.m in Sources */,
				719C600B1BBEC03B00135DA3 /* AKMObservableObject.m in Sources */,
				713CA7841BB98689007CE980 /* AKMItem.m in Sources */,
				719C5FFD1BBEBD9A00135DA3 /* NSString+AKMExtensions.m in Sources */,
			);
			runOnlyForDeploymentPostprocessing = 0;
		};
		71A4B60B1BB03F4A003DB838 /* Sources */ = {
			isa = PBXSourcesBuildPhase;
			buildActionMask = 2147483647;
			files = (
				71A4B6161BB03F4A003DB838 /* UITask2Tests.m in Sources */,
			);
			runOnlyForDeploymentPostprocessing = 0;
		};
/* End PBXSourcesBuildPhase section */

/* Begin PBXTargetDependency section */
		71A4B6111BB03F4A003DB838 /* PBXTargetDependency */ = {
			isa = PBXTargetDependency;
			target = 71A4B5F51BB03F4A003DB838 /* UITask2 */;
			targetProxy = 71A4B6101BB03F4A003DB838 /* PBXContainerItemProxy */;
		};
/* End PBXTargetDependency section */

/* Begin XCBuildConfiguration section */
		71A4B6171BB03F4A003DB838 /* Debug */ = {
			isa = XCBuildConfiguration;
			buildSettings = {
				ALWAYS_SEARCH_USER_PATHS = NO;
				CLANG_CXX_LANGUAGE_STANDARD = "gnu++0x";
				CLANG_CXX_LIBRARY = "libc++";
				CLANG_ENABLE_MODULES = YES;
				CLANG_ENABLE_OBJC_ARC = YES;
				CLANG_WARN_BOOL_CONVERSION = YES;
				CLANG_WARN_CONSTANT_CONVERSION = YES;
				CLANG_WARN_DIRECT_OBJC_ISA_USAGE = YES_ERROR;
				CLANG_WARN_EMPTY_BODY = YES;
				CLANG_WARN_ENUM_CONVERSION = YES;
				CLANG_WARN_INT_CONVERSION = YES;
				CLANG_WARN_OBJC_ROOT_CLASS = YES_ERROR;
				CLANG_WARN_UNREACHABLE_CODE = YES;
				CLANG_WARN__DUPLICATE_METHOD_MATCH = YES;
				"CODE_SIGN_IDENTITY[sdk=iphoneos*]" = "iPhone Developer";
				COPY_PHASE_STRIP = NO;
				DEBUG_INFORMATION_FORMAT = "dwarf-with-dsym";
				ENABLE_STRICT_OBJC_MSGSEND = YES;
				GCC_C_LANGUAGE_STANDARD = gnu99;
				GCC_DYNAMIC_NO_PIC = NO;
				GCC_NO_COMMON_BLOCKS = YES;
				GCC_OPTIMIZATION_LEVEL = 0;
				GCC_PREPROCESSOR_DEFINITIONS = (
					"DEBUG=1",
					"$(inherited)",
				);
				GCC_SYMBOLS_PRIVATE_EXTERN = NO;
				GCC_WARN_64_TO_32_BIT_CONVERSION = YES;
				GCC_WARN_ABOUT_RETURN_TYPE = YES_ERROR;
				GCC_WARN_UNDECLARED_SELECTOR = YES;
				GCC_WARN_UNINITIALIZED_AUTOS = YES_AGGRESSIVE;
				GCC_WARN_UNUSED_FUNCTION = YES;
				GCC_WARN_UNUSED_VARIABLE = YES;
				IPHONEOS_DEPLOYMENT_TARGET = 8.3;
				MTL_ENABLE_DEBUG_INFO = YES;
				ONLY_ACTIVE_ARCH = YES;
				SDKROOT = iphoneos;
			};
			name = Debug;
		};
		71A4B6181BB03F4A003DB838 /* Release */ = {
			isa = XCBuildConfiguration;
			buildSettings = {
				ALWAYS_SEARCH_USER_PATHS = NO;
				CLANG_CXX_LANGUAGE_STANDARD = "gnu++0x";
				CLANG_CXX_LIBRARY = "libc++";
				CLANG_ENABLE_MODULES = YES;
				CLANG_ENABLE_OBJC_ARC = YES;
				CLANG_WARN_BOOL_CONVERSION = YES;
				CLANG_WARN_CONSTANT_CONVERSION = YES;
				CLANG_WARN_DIRECT_OBJC_ISA_USAGE = YES_ERROR;
				CLANG_WARN_EMPTY_BODY = YES;
				CLANG_WARN_ENUM_CONVERSION = YES;
				CLANG_WARN_INT_CONVERSION = YES;
				CLANG_WARN_OBJC_ROOT_CLASS = YES_ERROR;
				CLANG_WARN_UNREACHABLE_CODE = YES;
				CLANG_WARN__DUPLICATE_METHOD_MATCH = YES;
				"CODE_SIGN_IDENTITY[sdk=iphoneos*]" = "iPhone Developer";
				COPY_PHASE_STRIP = NO;
				DEBUG_INFORMATION_FORMAT = "dwarf-with-dsym";
				ENABLE_NS_ASSERTIONS = NO;
				ENABLE_STRICT_OBJC_MSGSEND = YES;
				GCC_C_LANGUAGE_STANDARD = gnu99;
				GCC_NO_COMMON_BLOCKS = YES;
				GCC_WARN_64_TO_32_BIT_CONVERSION = YES;
				GCC_WARN_ABOUT_RETURN_TYPE = YES_ERROR;
				GCC_WARN_UNDECLARED_SELECTOR = YES;
				GCC_WARN_UNINITIALIZED_AUTOS = YES_AGGRESSIVE;
				GCC_WARN_UNUSED_FUNCTION = YES;
				GCC_WARN_UNUSED_VARIABLE = YES;
				IPHONEOS_DEPLOYMENT_TARGET = 8.3;
				MTL_ENABLE_DEBUG_INFO = NO;
				SDKROOT = iphoneos;
				VALIDATE_PRODUCT = YES;
			};
			name = Release;
		};
		71A4B61A1BB03F4A003DB838 /* Debug */ = {
			isa = XCBuildConfiguration;
			buildSettings = {
				ASSETCATALOG_COMPILER_APPICON_NAME = AppIcon;
				INFOPLIST_FILE = UITask2/Info.plist;
				IPHONEOS_DEPLOYMENT_TARGET = 8.1;
				LD_RUNPATH_SEARCH_PATHS = "$(inherited) @executable_path/Frameworks";
				PRODUCT_NAME = "$(TARGET_NAME)";
			};
			name = Debug;
		};
		71A4B61B1BB03F4A003DB838 /* Release */ = {
			isa = XCBuildConfiguration;
			buildSettings = {
				ASSETCATALOG_COMPILER_APPICON_NAME = AppIcon;
				INFOPLIST_FILE = UITask2/Info.plist;
				IPHONEOS_DEPLOYMENT_TARGET = 8.1;
				LD_RUNPATH_SEARCH_PATHS = "$(inherited) @executable_path/Frameworks";
				PRODUCT_NAME = "$(TARGET_NAME)";
			};
			name = Release;
		};
		71A4B61D1BB03F4A003DB838 /* Debug */ = {
			isa = XCBuildConfiguration;
			buildSettings = {
				BUNDLE_LOADER = "$(TEST_HOST)";
				FRAMEWORK_SEARCH_PATHS = (
					"$(SDKROOT)/Developer/Library/Frameworks",
					"$(inherited)",
				);
				GCC_PREPROCESSOR_DEFINITIONS = (
					"DEBUG=1",
					"$(inherited)",
				);
				INFOPLIST_FILE = UITask2Tests/Info.plist;
				LD_RUNPATH_SEARCH_PATHS = "$(inherited) @executable_path/Frameworks @loader_path/Frameworks";
				PRODUCT_NAME = "$(TARGET_NAME)";
				TEST_HOST = "$(BUILT_PRODUCTS_DIR)/UITask2.app/UITask2";
			};
			name = Debug;
		};
		71A4B61E1BB03F4A003DB838 /* Release */ = {
			isa = XCBuildConfiguration;
			buildSettings = {
				BUNDLE_LOADER = "$(TEST_HOST)";
				FRAMEWORK_SEARCH_PATHS = (
					"$(SDKROOT)/Developer/Library/Frameworks",
					"$(inherited)",
				);
				INFOPLIST_FILE = UITask2Tests/Info.plist;
				LD_RUNPATH_SEARCH_PATHS = "$(inherited) @executable_path/Frameworks @loader_path/Frameworks";
				PRODUCT_NAME = "$(TARGET_NAME)";
				TEST_HOST = "$(BUILT_PRODUCTS_DIR)/UITask2.app/UITask2";
			};
			name = Release;
		};
/* End XCBuildConfiguration section */

/* Begin XCConfigurationList section */
		71A4B5F11BB03F4A003DB838 /* Build configuration list for PBXProject "UITask2" */ = {
			isa = XCConfigurationList;
			buildConfigurations = (
				71A4B6171BB03F4A003DB838 /* Debug */,
				71A4B6181BB03F4A003DB838 /* Release */,
			);
			defaultConfigurationIsVisible = 0;
			defaultConfigurationName = Release;
		};
		71A4B6191BB03F4A003DB838 /* Build configuration list for PBXNativeTarget "UITask2" */ = {
			isa = XCConfigurationList;
			buildConfigurations = (
				71A4B61A1BB03F4A003DB838 /* Debug */,
				71A4B61B1BB03F4A003DB838 /* Release */,
			);
			defaultConfigurationIsVisible = 0;
			defaultConfigurationName = Release;
		};
		71A4B61C1BB03F4A003DB838 /* Build configuration list for PBXNativeTarget "UITask2Tests" */ = {
			isa = XCConfigurationList;
			buildConfigurations = (
				71A4B61D1BB03F4A003DB838 /* Debug */,
				71A4B61E1BB03F4A003DB838 /* Release */,
			);
			defaultConfigurationIsVisible = 0;
			defaultConfigurationName = Release;
		};
/* End XCConfigurationList section */
	};
	rootObject = 71A4B5EE1BB03F4A003DB838 /* Project object */;
}
